
Microsoft Visual Studio Solution File, Format Version 12.00
# Visual Studio Version 17
VisualStudioVersion = 17.14.36221.1 d17.14
MinimumVisualStudioVersion = 10.0.40219.1
Project("{FAE04EC0-301F-11D3-BF4B-00C04F79EFBC}") = "TapoP100_Controller", "TapoP100_Controller\TapoP100_Controller.csproj", "{A3CCDA0A-1643-4ED1-B1B7-2528F37717AD}"
EndProject
Global
	GlobalSection(SolutionConfigurationPlatforms) = preSolution
		Debug|Any CPU = Debug|Any CPU
		Release|Any CPU = Release|Any CPU
	EndGlobalSection
	GlobalSection(ProjectConfigurationPlatforms) = postSolution
		{A3CCDA0A-1643-4ED1-B1B7-2528F37717AD}.Debug|Any CPU.ActiveCfg = Debug|Any CPU
		{A3CCDA0A-1643-4ED1-B1B7-2528F37717AD}.Debug|Any CPU.Build.0 = Debug|Any CPU
		{A3CCDA0A-1643-4ED1-B1B7-2528F37717AD}.Release|Any CPU.ActiveCfg = Release|Any CPU
		{A3CCDA0A-1643-4ED1-B1B7-2528F37717AD}.Release|Any CPU.Build.0 = Release|Any CPU
	EndGlobalSection
	GlobalSection(SolutionProperties) = preSolution
		HideSolutionNode = FALSE
	EndGlobalSection
	GlobalSection(ExtensibilityGlobals) = postSolution
		SolutionGuid = {DCA807F5-A202-4FF5-B1AD-817366AFD457}
	EndGlobalSection
EndGlobal
